
Microsoft Visual Studio Solution File, Format Version 12.00
# Visual Studio Version 17
VisualStudioVersion = 17.2.32526.322
MinimumVisualStudioVersion = 10.0.40219.1
Project("{FAE04EC0-301F-11D3-BF4B-00C04F79EFBC}") = "PuzzelGame", "PuzzelGame\PuzzelGame.csproj", "{77DD801D-7D81-4A24-971F-57F71CCFD52B}"
EndProject
Global
	GlobalSection(SolutionConfigurationPlatforms) = preSolution
		Debug|Any CPU = Debug|Any CPU
		Release|Any CPU = Release|Any CPU
	EndGlobalSection
	GlobalSection(ProjectConfigurationPlatforms) = postSolution
		{77DD801D-7D81-4A24-971F-57F71CCFD52B}.Debug|Any CPU.ActiveCfg = Debug|Any CPU
		{77DD801D-7D81-4A24-971F-57F71CCFD52B}.Debug|Any CPU.Build.0 = Debug|Any CPU
		{77DD801D-7D81-4A24-971F-57F71CCFD52B}.Release|Any CPU.ActiveCfg = Release|Any CPU
		{77DD801D-7D81-4A24-971F-57F71CCFD52B}.Release|Any CPU.Build.0 = Release|Any CPU
	EndGlobalSection
	GlobalSection(SolutionProperties) = preSolution
		HideSolutionNode = FALSE
	EndGlobalSection
	GlobalSection(ExtensibilityGlobals) = postSolution
		SolutionGuid = {970A3E27-FD55-4D8D-A370-E4137EE8D726}
	EndGlobalSection
EndGlobal
